PODS:
  - AFNetworking (4.0.1):
    - AFNetworking/NSURLSession (= 4.0.1)
    - AFNetworking/Reachability (= 4.0.1)
    - AFNetworking/Security (= 4.0.1)
    - AFNetworking/Serialization (= 4.0.1)
    - AFNetworking/UIKit (= 4.0.1)
  - AFNetworking/NSURLSession (4.0.1):
    - AFNetworking/Reachability
    - AFNetworking/Security
    - AFNetworking/Serialization
  - AFNetworking/Reachability (4.0.1)
  - AFNetworking/Security (4.0.1)
  - AFNetworking/Serialization (4.0.1)
  - AFNetworking/UIKit (4.0.1):
    - AFNetworking/NSURLSession
  - AMapFoundation (1.6.9)
  - AMapLocation (2.8.0):
    - AMapFoundation (~> 1.6.9)
  - AMapNavi (8.1.0):
    - AMapFoundation (~> 1.6.9)
  - AMapSearch (8.1.0):
    - AMapFoundation (~> 1.6.9)
  - JZLocationConverter (1.0.0)

DEPENDENCIES:
  - AFNetworking
  - AMapLocation
  - AMapNavi
  - AMapSearch
  - JZLocationConverter

SPEC REPOS:
  trunk:
    - AFNetworking
    - AMapFoundation
    - AMapLocation
    - AMapNavi
    - AMapSearch
    - JZLocationConverter

SPEC CHECKSUMS:
  AFNetworking: 7864c38297c79aaca1500c33288e429c3451fdce
  AMapFoundation: 8d8ecbb0b2e9ce5487995360d26c885d94642bfd
  AMapLocation: 5ef44a1117be7dc541cb7a7d43d03c5ee91e4387
  AMapNavi: 257ceddc7f4e26012e284e7b6c08f72e95fd1759
  AMapSearch: 5c1cc07429f04b9cc76438fcb2411c66fdbbb178
  JZLocationConverter: 3d816bee6484aed9c155a6045a02ce444833e2f0

PODFILE CHECKSUM: aac35c2cfecceb44418be0ca7faf20cdc2eedc54

COCOAPODS: 1.10.0
